
Microsoft Visual Studio Solution File, Format Version 11.00
# Visual Studio 2010
Project("{FAE04EC0-301F-11D3-BF4B-00C04F79EFBC}") = "DotNetDesign.EntityFramework", "DotNetDesign.EntityFramework\DotNetDesign.EntityFramework.csproj", "{0219FEAF-E377-46CB-B775-AFD912E051A5}"
EndProject
Project("{2150E333-8FDC-42A3-9474-1A3956D46DE8}") = "Solution Items", "Solution Items", "{C709F1D5-F296-427D-8B8D-451C47E00912}"
EndProject
Global
	GlobalSection(SolutionConfigurationPlatforms) = preSolution
		Debug|Any CPU = Debug|Any CPU
		Release|Any CPU = Release|Any CPU
	EndGlobalSection
	GlobalSection(ProjectConfigurationPlatforms) = postSolution
		{0219FEAF-E377-46CB-B775-AFD912E051A5}.Debug|Any CPU.ActiveCfg = Debug|Any CPU
		{0219FEAF-E377-46CB-B775-AFD912E051A5}.Debug|Any CPU.Build.0 = Debug|Any CPU
		{0219FEAF-E377-46CB-B775-AFD912E051A5}.Release|Any CPU.ActiveCfg = Release|Any CPU
		{0219FEAF-E377-46CB-B775-AFD912E051A5}.Release|Any CPU.Build.0 = Release|Any CPU
	EndGlobalSection
	GlobalSection(SolutionProperties) = preSolution
		HideSolutionNode = FALSE
	EndGlobalSection
EndGlobal
