
Microsoft Visual Studio Solution File, Format Version 12.00
# Visual Studio 11
Project("{FAE04EC0-301F-11D3-BF4B-00C04F79EFBC}") = "DotNetDesign.Substrate", "DotNetDesign.Substrate\DotNetDesign.Substrate.csproj", "{0219FEAF-E377-46CB-B775-AFD912E051A5}"
EndProject
Project("{FAE04EC0-301F-11D3-BF4B-00C04F79EFBC}") = "DotNetDesign.Substrate.Tests", "DotNetDesign.Substrate.Tests\DotNetDesign.Substrate.Tests.csproj", "{F7FC9874-CF7E-4659-8173-991E7CB56AFB}"
EndProject
Project("{2150E333-8FDC-42A3-9474-1A3956D46DE8}") = "tools", "tools", "{8E2A7388-55D7-4558-943E-20239D0FEBE2}"
	ProjectSection(SolutionItems) = preProject
		DotNetDesign.Substrate.EntityGenerator\DotNetDesign.Substrate Entity Generator.nuspec = DotNetDesign.Substrate.EntityGenerator\DotNetDesign.Substrate Entity Generator.nuspec
		DotNetDesign.Substrate.WebApi\DotNetDesign.Substrate.WebApi.nuspec = DotNetDesign.Substrate.WebApi\DotNetDesign.Substrate.WebApi.nuspec
		tools\EntitiesFormTemplate.xsn = tools\EntitiesFormTemplate.xsn
		tools\EntitiesSchema.xsd = tools\EntitiesSchema.xsd
		tools\EntityGenerator.tt = tools\EntityGenerator.tt
	EndProjectSection
EndProject
Project("{FAE04EC0-301F-11D3-BF4B-00C04F79EFBC}") = "DotNetDesign.Substrate.WebApi", "DotNetDesign.Substrate.WebApi\DotNetDesign.Substrate.WebApi.csproj", "{44208C96-766C-4098-9CBF-671B6A177AE9}"
EndProject
Project("{2150E333-8FDC-42A3-9474-1A3956D46DE8}") = ".nuget", ".nuget", "{5E004230-8003-486F-8F13-B333392C5425}"
	ProjectSection(SolutionItems) = preProject
		.nuget\NuGet.exe = .nuget\NuGet.exe
		.nuget\NuGet.targets = .nuget\NuGet.targets
	EndProjectSection
EndProject
Global
	GlobalSection(SolutionConfigurationPlatforms) = preSolution
		Debug|Any CPU = Debug|Any CPU
		Debug|Mixed Platforms = Debug|Mixed Platforms
		Debug|x86 = Debug|x86
		Release|Any CPU = Release|Any CPU
		Release|Mixed Platforms = Release|Mixed Platforms
		Release|x86 = Release|x86
	EndGlobalSection
	GlobalSection(ProjectConfigurationPlatforms) = postSolution
		{0219FEAF-E377-46CB-B775-AFD912E051A5}.Debug|Any CPU.ActiveCfg = Debug|Any CPU
		{0219FEAF-E377-46CB-B775-AFD912E051A5}.Debug|Any CPU.Build.0 = Debug|Any CPU
		{0219FEAF-E377-46CB-B775-AFD912E051A5}.Debug|Mixed Platforms.ActiveCfg = Debug|Any CPU
		{0219FEAF-E377-46CB-B775-AFD912E051A5}.Debug|Mixed Platforms.Build.0 = Debug|Any CPU
		{0219FEAF-E377-46CB-B775-AFD912E051A5}.Debug|x86.ActiveCfg = Debug|Any CPU
		{0219FEAF-E377-46CB-B775-AFD912E051A5}.Release|Any CPU.ActiveCfg = Release|Any CPU
		{0219FEAF-E377-46CB-B775-AFD912E051A5}.Release|Any CPU.Build.0 = Release|Any CPU
		{0219FEAF-E377-46CB-B775-AFD912E051A5}.Release|Mixed Platforms.ActiveCfg = Release|Any CPU
		{0219FEAF-E377-46CB-B775-AFD912E051A5}.Release|Mixed Platforms.Build.0 = Release|Any CPU
		{0219FEAF-E377-46CB-B775-AFD912E051A5}.Release|x86.ActiveCfg = Release|Any CPU
		{44208C96-766C-4098-9CBF-671B6A177AE9}.Debug|Any CPU.ActiveCfg = Debug|Any CPU
		{44208C96-766C-4098-9CBF-671B6A177AE9}.Debug|Any CPU.Build.0 = Debug|Any CPU
		{44208C96-766C-4098-9CBF-671B6A177AE9}.Debug|Mixed Platforms.ActiveCfg = Debug|Any CPU
		{44208C96-766C-4098-9CBF-671B6A177AE9}.Debug|Mixed Platforms.Build.0 = Debug|Any CPU
		{44208C96-766C-4098-9CBF-671B6A177AE9}.Debug|x86.ActiveCfg = Debug|Any CPU
		{44208C96-766C-4098-9CBF-671B6A177AE9}.Release|Any CPU.ActiveCfg = Release|Any CPU
		{44208C96-766C-4098-9CBF-671B6A177AE9}.Release|Any CPU.Build.0 = Release|Any CPU
		{44208C96-766C-4098-9CBF-671B6A177AE9}.Release|Mixed Platforms.ActiveCfg = Release|Any CPU
		{44208C96-766C-4098-9CBF-671B6A177AE9}.Release|Mixed Platforms.Build.0 = Release|Any CPU
		{44208C96-766C-4098-9CBF-671B6A177AE9}.Release|x86.ActiveCfg = Release|Any CPU
		{F7FC9874-CF7E-4659-8173-991E7CB56AFB}.Debug|Any CPU.ActiveCfg = Debug|Any CPU
		{F7FC9874-CF7E-4659-8173-991E7CB56AFB}.Debug|Any CPU.Build.0 = Debug|Any CPU
		{F7FC9874-CF7E-4659-8173-991E7CB56AFB}.Debug|Mixed Platforms.ActiveCfg = Debug|Any CPU
		{F7FC9874-CF7E-4659-8173-991E7CB56AFB}.Debug|Mixed Platforms.Build.0 = Debug|Any CPU
		{F7FC9874-CF7E-4659-8173-991E7CB56AFB}.Debug|x86.ActiveCfg = Debug|Any CPU
		{F7FC9874-CF7E-4659-8173-991E7CB56AFB}.Release|Any CPU.ActiveCfg = Release|Any CPU
		{F7FC9874-CF7E-4659-8173-991E7CB56AFB}.Release|Any CPU.Build.0 = Release|Any CPU
		{F7FC9874-CF7E-4659-8173-991E7CB56AFB}.Release|Mixed Platforms.ActiveCfg = Release|Any CPU
		{F7FC9874-CF7E-4659-8173-991E7CB56AFB}.Release|Mixed Platforms.Build.0 = Release|Any CPU
		{F7FC9874-CF7E-4659-8173-991E7CB56AFB}.Release|x86.ActiveCfg = Release|Any CPU
		{FFA0E4E3-78A4-434C-A79F-322F7ED2AAA4}.Debug|Any CPU.ActiveCfg = Debug|Any CPU
		{FFA0E4E3-78A4-434C-A79F-322F7ED2AAA4}.Debug|Any CPU.Build.0 = Debug|Any CPU
		{FFA0E4E3-78A4-434C-A79F-322F7ED2AAA4}.Debug|Mixed Platforms.ActiveCfg = Debug|Any CPU
		{FFA0E4E3-78A4-434C-A79F-322F7ED2AAA4}.Debug|Mixed Platforms.Build.0 = Debug|Any CPU
		{FFA0E4E3-78A4-434C-A79F-322F7ED2AAA4}.Debug|x86.ActiveCfg = Debug|Any CPU
		{FFA0E4E3-78A4-434C-A79F-322F7ED2AAA4}.Release|Any CPU.ActiveCfg = Release|Any CPU
		{FFA0E4E3-78A4-434C-A79F-322F7ED2AAA4}.Release|Any CPU.Build.0 = Release|Any CPU
		{FFA0E4E3-78A4-434C-A79F-322F7ED2AAA4}.Release|Mixed Platforms.ActiveCfg = Release|Any CPU
		{FFA0E4E3-78A4-434C-A79F-322F7ED2AAA4}.Release|Mixed Platforms.Build.0 = Release|Any CPU
		{FFA0E4E3-78A4-434C-A79F-322F7ED2AAA4}.Release|x86.ActiveCfg = Release|Any CPU
	EndGlobalSection
	GlobalSection(SolutionProperties) = preSolution
		HideSolutionNode = FALSE
	EndGlobalSection
EndGlobal
